
Microsoft Visual Studio Solution File, Format Version 12.00
# Visual Studio Version 17
VisualStudioVersion = 17.3.32929.385
MinimumVisualStudioVersion = 10.0.40219.1
Project("{FAE04EC0-301F-11D3-BF4B-00C04F79EFBC}") = "NetworkLesson", "NetworkLesson\NetworkLesson.csproj", "{BDE197F4-5910-459F-96E0-D12A4C41CA8E}"
EndProject
Global
	GlobalSection(SolutionConfigurationPlatforms) = preSolution
		Debug|Any CPU = Debug|Any CPU
		Release|Any CPU = Release|Any CPU
	EndGlobalSection
	GlobalSection(ProjectConfigurationPlatforms) = postSolution
		{BDE197F4-5910-459F-96E0-D12A4C41CA8E}.Debug|Any CPU.ActiveCfg = Debug|Any CPU
		{BDE197F4-5910-459F-96E0-D12A4C41CA8E}.Debug|Any CPU.Build.0 = Debug|Any CPU
		{BDE197F4-5910-459F-96E0-D12A4C41CA8E}.Release|Any CPU.ActiveCfg = Release|Any CPU
		{BDE197F4-5910-459F-96E0-D12A4C41CA8E}.Release|Any CPU.Build.0 = Release|Any CPU
	EndGlobalSection
	GlobalSection(SolutionProperties) = preSolution
		HideSolutionNode = FALSE
	EndGlobalSection
	GlobalSection(ExtensibilityGlobals) = postSolution
		SolutionGuid = {585798AF-305D-4E8B-A438-1E29471C830B}
	EndGlobalSection
EndGlobal
